
Microsoft Visual Studio Solution File, Format Version 12.00
# Visual Studio Version 16
VisualStudioVersion = 16.6.30114.105
MinimumVisualStudioVersion = 10.0.40219.1
Project("{2150E333-8FDC-42A3-9474-1A3956D46DE8}") = "src", "src", "{AC9D1B24-27B6-4574-A258-22108938F884}"
EndProject
Project("{FAE04EC0-301F-11D3-BF4B-00C04F79EFBC}") = "GradeBook", "src\GradeBook\GradeBook.csproj", "{24C74EAE-3BFE-4C37-BD3C-8C08C04F7025}"
EndProject
Project("{2150E333-8FDC-42A3-9474-1A3956D46DE8}") = "test", "test", "{F08026C3-932A-48EC-804D-214F5976EE47}"
EndProject
Project("{FAE04EC0-301F-11D3-BF4B-00C04F79EFBC}") = "GradeBook.Test", "test\GradeBook.Test\GradeBook.Test.csproj", "{9100004E-CDFE-4090-83A4-E49E743A6014}"
EndProject
Global
	GlobalSection(SolutionConfigurationPlatforms) = preSolution
		Debug|Any CPU = Debug|Any CPU
		Debug|x64 = Debug|x64
		Debug|x86 = Debug|x86
		Release|Any CPU = Release|Any CPU
		Release|x64 = Release|x64
		Release|x86 = Release|x86
	EndGlobalSection
	GlobalSection(SolutionProperties) = preSolution
		HideSolutionNode = FALSE
	EndGlobalSection
	GlobalSection(ProjectConfigurationPlatforms) = postSolution
		{24C74EAE-3BFE-4C37-BD3C-8C08C04F7025}.Debug|Any CPU.ActiveCfg = Debug|Any CPU
		{24C74EAE-3BFE-4C37-BD3C-8C08C04F7025}.Debug|Any CPU.Build.0 = Debug|Any CPU
		{24C74EAE-3BFE-4C37-BD3C-8C08C04F7025}.Debug|x64.ActiveCfg = Debug|Any CPU
		{24C74EAE-3BFE-4C37-BD3C-8C08C04F7025}.Debug|x64.Build.0 = Debug|Any CPU
		{24C74EAE-3BFE-4C37-BD3C-8C08C04F7025}.Debug|x86.ActiveCfg = Debug|Any CPU
		{24C74EAE-3BFE-4C37-BD3C-8C08C04F7025}.Debug|x86.Build.0 = Debug|Any CPU
		{24C74EAE-3BFE-4C37-BD3C-8C08C04F7025}.Release|Any CPU.ActiveCfg = Release|Any CPU
		{24C74EAE-3BFE-4C37-BD3C-8C08C04F7025}.Release|Any CPU.Build.0 = Release|Any CPU
		{24C74EAE-3BFE-4C37-BD3C-8C08C04F7025}.Release|x64.ActiveCfg = Release|Any CPU
		{24C74EAE-3BFE-4C37-BD3C-8C08C04F7025}.Release|x64.Build.0 = Release|Any CPU
		{24C74EAE-3BFE-4C37-BD3C-8C08C04F7025}.Release|x86.ActiveCfg = Release|Any CPU
		{24C74EAE-3BFE-4C37-BD3C-8C08C04F7025}.Release|x86.Build.0 = Release|Any CPU
		{9100004E-CDFE-4090-83A4-E49E743A6014}.Debug|Any CPU.ActiveCfg = Debug|Any CPU
		{9100004E-CDFE-4090-83A4-E49E743A6014}.Debug|Any CPU.Build.0 = Debug|Any CPU
		{9100004E-CDFE-4090-83A4-E49E743A6014}.Debug|x64.ActiveCfg = Debug|Any CPU
		{9100004E-CDFE-4090-83A4-E49E743A6014}.Debug|x64.Build.0 = Debug|Any CPU
		{9100004E-CDFE-4090-83A4-E49E743A6014}.Debug|x86.ActiveCfg = Debug|Any CPU
		{9100004E-CDFE-4090-83A4-E49E743A6014}.Debug|x86.Build.0 = Debug|Any CPU
		{9100004E-CDFE-4090-83A4-E49E743A6014}.Release|Any CPU.ActiveCfg = Release|Any CPU
		{9100004E-CDFE-4090-83A4-E49E743A6014}.Release|Any CPU.Build.0 = Release|Any CPU
		{9100004E-CDFE-4090-83A4-E49E743A6014}.Release|x64.ActiveCfg = Release|Any CPU
		{9100004E-CDFE-4090-83A4-E49E743A6014}.Release|x64.Build.0 = Release|Any CPU
		{9100004E-CDFE-4090-83A4-E49E743A6014}.Release|x86.ActiveCfg = Release|Any CPU
		{9100004E-CDFE-4090-83A4-E49E743A6014}.Release|x86.Build.0 = Release|Any CPU
	EndGlobalSection
	GlobalSection(NestedProjects) = preSolution
		{24C74EAE-3BFE-4C37-BD3C-8C08C04F7025} = {AC9D1B24-27B6-4574-A258-22108938F884}
		{9100004E-CDFE-4090-83A4-E49E743A6014} = {F08026C3-932A-48EC-804D-214F5976EE47}
	EndGlobalSection
EndGlobal
